{
  "name": "SaiGon-Software",
  "lockfileVersion": 3,
  "requires": true,
  "packages": {
    "": {
      "dependencies": {
        "@splidejs/vue-splide": "^0.6.12"
      }
    },
    "node_modules/@splidejs/splide": {
      "version": "4.1.4",
      "resolved": "https://registry.npmjs.org/@splidejs/splide/-/splide-4.1.4.tgz",
      "integrity": "sha512-5I30evTJcAJQXt6vJ26g2xEkG+l1nXcpEw4xpKh0/FWQ8ozmAeTbtniVtVmz2sH1Es3vgfC4SS8B2X4o5JMptA=="
    },
    "node_modules/@splidejs/vue-splide": {
      "version": "0.6.12",
      "resolved": "https://registry.npmjs.org/@splidejs/vue-splide/-/vue-splide-0.6.12.tgz",
      "integrity": "sha512-eQb8pnGMN8Tr0FVaQo1PUMZlMHl8fSqHNXPTx79eeE2dkZqbsvq6jRzXoT9ZF7hFkxdOEmB6qYNp93SUwV684g==",
      "dependencies": {
        "@splidejs/splide": "^4.1.3"
      }
    }
  }
}
